
Microsoft Visual Studio Solution File, Format Version 12.00
Project("{FAE04EC0-301F-11D3-BF4B-00C04F79EFBC}") = "EvaluationAPI", "EvaluationAPI\EvaluationAPI.csproj", "{67F95584-891F-4493-B15D-DAE299683073}"
EndProject
Project("{FAE04EC0-301F-11D3-BF4B-00C04F79EFBC}") = "EA.Common", "EA.Common\EA.Common.csproj", "{F26F022C-C32D-4366-954A-EFF8CEC134E7}"
EndProject
Project("{FAE04EC0-301F-11D3-BF4B-00C04F79EFBC}") = "EA.Services", "EA.Services\EA.Services.csproj", "{9D78B285-315C-4D4E-B9B3-C9E82592C4ED}"
EndProject
Project("{FAE04EC0-301F-11D3-BF4B-00C04F79EFBC}") = "EA.Model", "EA.Model\EA.Model.csproj", "{01A1E2FC-AA56-43D3-BF27-8280600BD5A9}"
EndProject
Global
	GlobalSection(SolutionConfigurationPlatforms) = preSolution
		Debug|Any CPU = Debug|Any CPU
		Release|Any CPU = Release|Any CPU
	EndGlobalSection
	GlobalSection(ProjectConfigurationPlatforms) = postSolution
		{67F95584-891F-4493-B15D-DAE299683073}.Debug|Any CPU.ActiveCfg = Debug|Any CPU
		{67F95584-891F-4493-B15D-DAE299683073}.Debug|Any CPU.Build.0 = Debug|Any CPU
		{67F95584-891F-4493-B15D-DAE299683073}.Release|Any CPU.ActiveCfg = Release|Any CPU
		{67F95584-891F-4493-B15D-DAE299683073}.Release|Any CPU.Build.0 = Release|Any CPU
		{F26F022C-C32D-4366-954A-EFF8CEC134E7}.Debug|Any CPU.ActiveCfg = Debug|Any CPU
		{F26F022C-C32D-4366-954A-EFF8CEC134E7}.Debug|Any CPU.Build.0 = Debug|Any CPU
		{F26F022C-C32D-4366-954A-EFF8CEC134E7}.Release|Any CPU.ActiveCfg = Release|Any CPU
		{F26F022C-C32D-4366-954A-EFF8CEC134E7}.Release|Any CPU.Build.0 = Release|Any CPU
		{9D78B285-315C-4D4E-B9B3-C9E82592C4ED}.Debug|Any CPU.ActiveCfg = Debug|Any CPU
		{9D78B285-315C-4D4E-B9B3-C9E82592C4ED}.Debug|Any CPU.Build.0 = Debug|Any CPU
		{9D78B285-315C-4D4E-B9B3-C9E82592C4ED}.Release|Any CPU.ActiveCfg = Release|Any CPU
		{9D78B285-315C-4D4E-B9B3-C9E82592C4ED}.Release|Any CPU.Build.0 = Release|Any CPU
		{01A1E2FC-AA56-43D3-BF27-8280600BD5A9}.Debug|Any CPU.ActiveCfg = Debug|Any CPU
		{01A1E2FC-AA56-43D3-BF27-8280600BD5A9}.Debug|Any CPU.Build.0 = Debug|Any CPU
		{01A1E2FC-AA56-43D3-BF27-8280600BD5A9}.Release|Any CPU.ActiveCfg = Release|Any CPU
		{01A1E2FC-AA56-43D3-BF27-8280600BD5A9}.Release|Any CPU.Build.0 = Release|Any CPU
	EndGlobalSection
EndGlobal
